
Microsoft Visual Studio Solution File, Format Version 12.00
# Visual Studio Version 17
VisualStudioVersion = 17.7.34031.279
MinimumVisualStudioVersion = 10.0.40219.1
Project("{8BC9CEB8-8B4A-11D0-8D11-00A0C91BC942}") = "OpenGL-freeglut-vs", "OpenGL-freeglut-vs\OpenGL-freeglut-vs.vcxproj", "{31DAD6D2-D8C0-449B-BCEB-40CB6C974ADC}"
EndProject
Global
	GlobalSection(SolutionConfigurationPlatforms) = preSolution
		Debug|x64 = Debug|x64
		Debug|x86 = Debug|x86
		Release|x64 = Release|x64
		Release|x86 = Release|x86
	EndGlobalSection
	GlobalSection(ProjectConfigurationPlatforms) = postSolution
		{31DAD6D2-D8C0-449B-BCEB-40CB6C974ADC}.Debug|x64.ActiveCfg = Debug|x64
		{31DAD6D2-D8C0-449B-BCEB-40CB6C974ADC}.Debug|x64.Build.0 = Debug|x64
		{31DAD6D2-D8C0-449B-BCEB-40CB6C974ADC}.Debug|x86.ActiveCfg = Debug|Win32
		{31DAD6D2-D8C0-449B-BCEB-40CB6C974ADC}.Debug|x86.Build.0 = Debug|Win32
		{31DAD6D2-D8C0-449B-BCEB-40CB6C974ADC}.Release|x64.ActiveCfg = Release|x64
		{31DAD6D2-D8C0-449B-BCEB-40CB6C974ADC}.Release|x64.Build.0 = Release|x64
		{31DAD6D2-D8C0-449B-BCEB-40CB6C974ADC}.Release|x86.ActiveCfg = Release|Win32
		{31DAD6D2-D8C0-449B-BCEB-40CB6C974ADC}.Release|x86.Build.0 = Release|Win32
	EndGlobalSection
	GlobalSection(SolutionProperties) = preSolution
		HideSolutionNode = FALSE
	EndGlobalSection
	GlobalSection(ExtensibilityGlobals) = postSolution
		SolutionGuid = {5BA4BACF-C566-4DEC-A4AD-2145375DB8A1}
	EndGlobalSection
EndGlobal
